
Microsoft Visual Studio Solution File, Format Version 12.00
# Visual Studio Version 16
VisualStudioVersion = 16.0.30413.136
MinimumVisualStudioVersion = 10.0.40219.1
Project("{FAE04EC0-301F-11D3-BF4B-00C04F79EFBC}") = "BuscaNcm", "BuscaNcm\BuscaNcm.csproj", "{E6FC280A-9155-46A6-9EFA-E5594BBEFF60}"
EndProject
Global
	GlobalSection(SolutionConfigurationPlatforms) = preSolution
		Debug|Any CPU = Debug|Any CPU
		Release|Any CPU = Release|Any CPU
	EndGlobalSection
	GlobalSection(ProjectConfigurationPlatforms) = postSolution
		{E6FC280A-9155-46A6-9EFA-E5594BBEFF60}.Debug|Any CPU.ActiveCfg = Debug|Any CPU
		{E6FC280A-9155-46A6-9EFA-E5594BBEFF60}.Debug|Any CPU.Build.0 = Debug|Any CPU
		{E6FC280A-9155-46A6-9EFA-E5594BBEFF60}.Release|Any CPU.ActiveCfg = Release|Any CPU
		{E6FC280A-9155-46A6-9EFA-E5594BBEFF60}.Release|Any CPU.Build.0 = Release|Any CPU
	EndGlobalSection
	GlobalSection(SolutionProperties) = preSolution
		HideSolutionNode = FALSE
	EndGlobalSection
	GlobalSection(ExtensibilityGlobals) = postSolution
		SolutionGuid = {F93BA986-91A4-44C2-A99F-C583384345AC}
	EndGlobalSection
EndGlobal
